
Microsoft Visual Studio Solution File, Format Version 12.00
# Visual Studio 15
VisualStudioVersion = 15.0.27130.2027
MinimumVisualStudioVersion = 10.0.40219.1
Project("{FAE04EC0-301F-11D3-BF4B-00C04F79EFBC}") = "FutMaster", "FutMaster\FutMaster.csproj", "{7F1453D0-DD2C-40C1-904C-AD2C7A2C9FBC}"
EndProject
Global
	GlobalSection(SolutionConfigurationPlatforms) = preSolution
		Debug|Any CPU = Debug|Any CPU
		Release|Any CPU = Release|Any CPU
	EndGlobalSection
	GlobalSection(ProjectConfigurationPlatforms) = postSolution
		{7F1453D0-DD2C-40C1-904C-AD2C7A2C9FBC}.Debug|Any CPU.ActiveCfg = Debug|x64
		{7F1453D0-DD2C-40C1-904C-AD2C7A2C9FBC}.Debug|Any CPU.Build.0 = Debug|x64
		{7F1453D0-DD2C-40C1-904C-AD2C7A2C9FBC}.Release|Any CPU.ActiveCfg = Release|Any CPU
		{7F1453D0-DD2C-40C1-904C-AD2C7A2C9FBC}.Release|Any CPU.Build.0 = Release|Any CPU
	EndGlobalSection
	GlobalSection(SolutionProperties) = preSolution
		HideSolutionNode = FALSE
	EndGlobalSection
	GlobalSection(ExtensibilityGlobals) = postSolution
		SolutionGuid = {D6198138-3436-436E-B156-CD5D5F84E0AA}
	EndGlobalSection
EndGlobal
